
Microsoft Visual Studio Solution File, Format Version 12.00
# Visual Studio Version 17
VisualStudioVersion = 17.1.32210.238
MinimumVisualStudioVersion = 10.0.40219.1
Project("{FAE04EC0-301F-11D3-BF4B-00C04F79EFBC}") = "Final_tearm", "Final_tearm\Final_tearm.csproj", "{AE133979-1923-49B4-ACAD-C1032677B6D9}"
EndProject
Global
	GlobalSection(SolutionConfigurationPlatforms) = preSolution
		Debug|Any CPU = Debug|Any CPU
		Release|Any CPU = Release|Any CPU
	EndGlobalSection
	GlobalSection(ProjectConfigurationPlatforms) = postSolution
		{AE133979-1923-49B4-ACAD-C1032677B6D9}.Debug|Any CPU.ActiveCfg = Debug|Any CPU
		{AE133979-1923-49B4-ACAD-C1032677B6D9}.Debug|Any CPU.Build.0 = Debug|Any CPU
		{AE133979-1923-49B4-ACAD-C1032677B6D9}.Release|Any CPU.ActiveCfg = Release|Any CPU
		{AE133979-1923-49B4-ACAD-C1032677B6D9}.Release|Any CPU.Build.0 = Release|Any CPU
	EndGlobalSection
	GlobalSection(SolutionProperties) = preSolution
		HideSolutionNode = FALSE
	EndGlobalSection
	GlobalSection(ExtensibilityGlobals) = postSolution
		SolutionGuid = {6F2AA98D-4A18-4AB5-8902-C40DC7065E93}
	EndGlobalSection
EndGlobal
